// !$*UTF8*$!
{
	archiveVersion = 1;
	classes = {
	};
	objectVersion = 50;
	objects = {

/* Begin PBXBuildFile section */
		A1160EAB21267987001C79B4 /* AppDelegate.swift in Sources */ = {isa = PBXBuildFile; fileRef = A1160EAA21267987001C79B4 /* AppDelegate.swift */; };
		A1160EAD21267987001C79B4 /* ViewController.swift in Sources */ = {isa = PBXBuildFile; fileRef = A1160EAC21267987001C79B4 /* ViewController.swift */; };
		A1160EB021267987001C79B4 /* Main.storyboard in Resources */ = {isa = PBXBuildFile; fileRef = A1160EAE21267987001C79B4 /* Main.storyboard */; };
		A1160EB221267988001C79B4 /* Assets.xcassets in Resources */ = {isa = PBXBuildFile; fileRef = A1160EB121267988001C79B4 /* Assets.xcassets */; };
		A1160EB521267988001C79B4 /* LaunchScreen.storyboard in Resources */ = {isa = PBXBuildFile; fileRef = A1160EB321267988001C79B4 /* LaunchScreen.storyboard */; };
		A1160EC021267988001C79B4 /* ConcentrationTests.swift in Sources */ = {isa = PBXBuildFile; fileRef = A1160EBF21267988001C79B4 /* ConcentrationTests.swift */; };
		A1160ECB21267988001C79B4 /* ConcentrationUITests.swift in Sources */ = {isa = PBXBuildFile; fileRef = A1160ECA21267988001C79B4 /* ConcentrationUITests.swift */; };
		A1160EE02126A7D2001C79B4 /* Concentration.swift in Sources */ = {isa = PBXBuildFile; fileRef = A1160EDF2126A7D2001C79B4 /* Concentration.swift */; };
		A1160EE22126A88C001C79B4 /* Card.swift in Sources */ = {isa = PBXBuildFile; fileRef = A1160EE12126A88C001C79B4 /* Card.swift */; };
		A121F068212AF13100D89BBE /* lecture4.swift in Sources */ = {isa = PBXBuildFile; fileRef = A121F067212AF13100D89BBE /* lecture4.swift */; };
/* End PBXBuildFile section */

/* Begin PBXContainerItemProxy section */
		A1160EBC21267988001C79B4 /* PBXContainerItemProxy */ = {
			isa = PBXContainerItemProxy;
			containerPortal = A1160E9F21267987001C79B4 /* Project object */;
			proxyType = 1;
			remoteGlobalIDString = A1160EA621267987001C79B4;
			remoteInfo = Concentration;
		};
		A1160EC721267988001C79B4 /* PBXContainerItemProxy */ = {
			isa = PBXContainerItemProxy;
			containerPortal = A1160E9F21267987001C79B4 /* Project object */;
			proxyType = 1;
			remoteGlobalIDString = A1160EA621267987001C79B4;
			remoteInfo = Concentration;
		};
/* End PBXContainerItemProxy section */

/* Begin PBXFileReference section */
		A1160EA721267987001C79B4 /* Concentration.app */ = {isa = PBXFileReference; explicitFileType = wrapper.application; includeInIndex = 0; path = Concentration.app; sourceTree = BUILT_PRODUCTS_DIR; };
		A1160EAA21267987001C79B4 /* AppDelegate.swift */ = {isa = PBXFileReference; lastKnownFileType = sourcecode.swift; path = AppDelegate.swift; sourceTree = "<group>"; };
		A1160EAC21267987001C79B4 /* ViewController.swift */ = {isa = PBXFileReference; lastKnownFileType = sourcecode.swift; path = ViewController.swift; sourceTree = "<group>"; };
		A1160EAF21267987001C79B4 /* Base */ = {isa = PBXFileReference; lastKnownFileType = file.storyboard; name = Base; path = Base.lproj/Main.storyboard; sourceTree = "<group>"; };
		A1160EB121267988001C79B4 /* Assets.xcassets */ = {isa = PBXFileReference; lastKnownFileType = folder.assetcatalog; path = Assets.xcassets; sourceTree = "<group>"; };
		A1160EB421267988001C79B4 /* Base */ = {isa = PBXFileReference; lastKnownFileType = file.storyboard; name = Base; path = Base.lproj/LaunchScreen.storyboard; sourceTree = "<group>"; };
		A1160EB621267988001C79B4 /* Info.plist */ = {isa = PBXFileReference; lastKnownFileType = text.plist.xml; path = Info.plist; sourceTree = "<group>"; };
		A1160EBB21267988001C79B4 /* ConcentrationTests.xctest */ = {isa = PBXFileReference; explicitFileType = wrapper.cfbundle; includeInIndex = 0; path = ConcentrationTests.xctest; sourceTree = BUILT_PRODUCTS_DIR; };
		A1160EBF21267988001C79B4 /* ConcentrationTests.swift */ = {isa = PBXFileReference; lastKnownFileType = sourcecode.swift; path = ConcentrationTests.swift; sourceTree = "<group>"; };
		A1160EC121267988001C79B4 /* Info.plist */ = {isa = PBXFileReference; lastKnownFileType = text.plist.xml; path = Info.plist; sourceTree = "<group>"; };
		A1160EC621267988001C79B4 /* ConcentrationUITests.xctest */ = {isa = PBXFileReference; explicitFileType = wrapper.cfbundle; includeInIndex = 0; path = ConcentrationUITests.xctest; sourceTree = BUILT_PRODUCTS_DIR; };
		A1160ECA21267988001C79B4 /* ConcentrationUITests.swift */ = {isa = PBXFileReference; lastKnownFileType = sourcecode.swift; path = ConcentrationUITests.swift; sourceTree = "<group>"; };
		A1160ECC21267988001C79B4 /* Info.plist */ = {isa = PBXFileReference; lastKnownFileType = text.plist.xml; path = Info.plist; sourceTree = "<group>"; };
		A1160EDF2126A7D2001C79B4 /* Concentration.swift */ = {isa = PBXFileReference; lastKnownFileType = sourcecode.swift; path = Concentration.swift; sourceTree = "<group>"; };
		A1160EE12126A88C001C79B4 /* Card.swift */ = {isa = PBXFileReference; lastKnownFileType = sourcecode.swift; path = Card.swift; sourceTree = "<group>"; };
		A121F067212AF13100D89BBE /* lecture4.swift */ = {isa = PBXFileReference; lastKnownFileType = sourcecode.swift; path = lecture4.swift; sourceTree = "<group>"; };
/* End PBXFileReference section */

/* Begin PBXFrameworksBuildPhase section */
		A1160EA421267987001C79B4 /* Frameworks */ = {
			isa = PBXFrameworksBuildPhase;
			buildActionMask = 2147483647;
			files = (
			);
			runOnlyForDeploymentPostprocessing = 0;
		};
		A1160EB821267988001C79B4 /* Frameworks */ = {
			isa = PBXFrameworksBuildPhase;
			buildActionMask = 2147483647;
			files = (
			);
			runOnlyForDeploymentPostprocessing = 0;
		};
		A1160EC321267988001C79B4 /* Frameworks */ = {
			isa = PBXFrameworksBuildPhase;
			buildActionMask = 2147483647;
			files = (
			);
			runOnlyForDeploymentPostprocessing = 0;
		};
/* End PBXFrameworksBuildPhase section */

/* Begin PBXGroup section */
		A1160E9E21267987001C79B4 = {
			isa = PBXGroup;
			children = (
				A1160EA921267987001C79B4 /* Concentration */,
				A1160EBE21267988001C79B4 /* ConcentrationTests */,
				A1160EC921267988001C79B4 /* ConcentrationUITests */,
				A1160EA821267987001C79B4 /* Products */,
			);
			sourceTree = "<group>";
		};
		A1160EA821267987001C79B4 /* Products */ = {
			isa = PBXGroup;
			children = (
				A1160EA721267987001C79B4 /* Concentration.app */,
				A1160EBB21267988001C79B4 /* ConcentrationTests.xctest */,
				A1160EC621267988001C79B4 /* ConcentrationUITests.xctest */,
			);
			name = Products;
			sourceTree = "<group>";
		};
		A1160EA921267987001C79B4 /* Concentration */ = {
			isa = PBXGroup;
			children = (
				A1160EAC21267987001C79B4 /* ViewController.swift */,
				A1160EDF2126A7D2001C79B4 /* Concentration.swift */,
				A1160EE12126A88C001C79B4 /* Card.swift */,
				A1160EAE21267987001C79B4 /* Main.storyboard */,
				A1160ED8212679A4001C79B4 /* SupportingFiles */,
				A1160EB621267988001C79B4 /* Info.plist */,
			);
			path = Concentration;
			sourceTree = "<group>";
		};
		A1160EBE21267988001C79B4 /* ConcentrationTests */ = {
			isa = PBXGroup;
			children = (
				A1160EBF21267988001C79B4 /* ConcentrationTests.swift */,
				A1160EC121267988001C79B4 /* Info.plist */,
			);
			path = ConcentrationTests;
			sourceTree = "<group>";
		};
		A1160EC921267988001C79B4 /* ConcentrationUITests */ = {
			isa = PBXGroup;
			children = (
				A1160ECA21267988001C79B4 /* ConcentrationUITests.swift */,
				A1160ECC21267988001C79B4 /* Info.plist */,
			);
			path = ConcentrationUITests;
			sourceTree = "<group>";
		};
		A1160ED8212679A4001C79B4 /* SupportingFiles */ = {
			isa = PBXGroup;
			children = (
				A121F066212AF10500D89BBE /* letureNote */,
				A1160EAA21267987001C79B4 /* AppDelegate.swift */,
				A1160EB121267988001C79B4 /* Assets.xcassets */,
				A1160EB321267988001C79B4 /* LaunchScreen.storyboard */,
			);
			path = SupportingFiles;
			sourceTree = "<group>";
		};
		A121F066212AF10500D89BBE /* letureNote */ = {
			isa = PBXGroup;
			children = (
				A121F067212AF13100D89BBE /* lecture4.swift */,
			);
			path = letureNote;
			sourceTree = "<group>";
		};
/* End PBXGroup section */

/* Begin PBXNativeTarget section */
		A1160EA621267987001C79B4 /* Concentration */ = {
			isa = PBXNativeTarget;
			buildConfigurationList = A1160ECF21267988001C79B4 /* Build configuration list for PBXNativeTarget "Concentration" */;
			buildPhases = (
				A1160EA321267987001C79B4 /* Sources */,
				A1160EA421267987001C79B4 /* Frameworks */,
				A1160EA521267987001C79B4 /* Resources */,
			);
			buildRules = (
			);
			dependencies = (
			);
			name = Concentration;
			productName = Concentration;
			productReference = A1160EA721267987001C79B4 /* Concentration.app */;
			productType = "com.apple.product-type.application";
		};
		A1160EBA21267988001C79B4 /* ConcentrationTests */ = {
			isa = PBXNativeTarget;
			buildConfigurationList = A1160ED221267988001C79B4 /* Build configuration list for PBXNativeTarget "ConcentrationTests" */;
			buildPhases = (
				A1160EB721267988001C79B4 /* Sources */,
				A1160EB821267988001C79B4 /* Frameworks */,
				A1160EB921267988001C79B4 /* Resources */,
			);
			buildRules = (
			);
			dependencies = (
				A1160EBD21267988001C79B4 /* PBXTargetDependency */,
			);
			name = ConcentrationTests;
			productName = ConcentrationTests;
			productReference = A1160EBB21267988001C79B4 /* ConcentrationTests.xctest */;
			productType = "com.apple.product-type.bundle.unit-test";
		};
		A1160EC521267988001C79B4 /* ConcentrationUITests */ = {
			isa = PBXNativeTarget;
			buildConfigurationList = A1160ED521267988001C79B4 /* Build configuration list for PBXNativeTarget "ConcentrationUITests" */;
			buildPhases = (
				A1160EC221267988001C79B4 /* Sources */,
				A1160EC321267988001C79B4 /* Frameworks */,
				A1160EC421267988001C79B4 /* Resources */,
			);
			buildRules = (
			);
			dependencies = (
				A1160EC821267988001C79B4 /* PBXTargetDependency */,
			);
			name = ConcentrationUITests;
			productName = ConcentrationUITests;
			productReference = A1160EC621267988001C79B4 /* ConcentrationUITests.xctest */;
			productType = "com.apple.product-type.bundle.ui-testing";
		};
/* End PBXNativeTarget section */

/* Begin PBXProject section */
		A1160E9F21267987001C79B4 /* Project object */ = {
			isa = PBXProject;
			attributes = {
				LastSwiftUpdateCheck = 0940;
				LastUpgradeCheck = 0940;
				ORGANIZATIONNAME = "임지후";
				TargetAttributes = {
					A1160EA621267987001C79B4 = {
						CreatedOnToolsVersion = 9.4.1;
					};
					A1160EBA21267988001C79B4 = {
						CreatedOnToolsVersion = 9.4.1;
						TestTargetID = A1160EA621267987001C79B4;
					};
					A1160EC521267988001C79B4 = {
						CreatedOnToolsVersion = 9.4.1;
						TestTargetID = A1160EA621267987001C79B4;
					};
				};
			};
			buildConfigurationList = A1160EA221267987001C79B4 /* Build configuration list for PBXProject "Concentration" */;
			compatibilityVersion = "Xcode 9.3";
			developmentRegion = en;
			hasScannedForEncodings = 0;
			knownRegions = (
				en,
				Base,
			);
			mainGroup = A1160E9E21267987001C79B4;
			productRefGroup = A1160EA821267987001C79B4 /* Products */;
			projectDirPath = "";
			projectRoot = "";
			targets = (
				A1160EA621267987001C79B4 /* Concentration */,
				A1160EBA21267988001C79B4 /* ConcentrationTests */,
				A1160EC521267988001C79B4 /* ConcentrationUITests */,
			);
		};
/* End PBXProject section */

/* Begin PBXResourcesBuildPhase section */
		A1160EA521267987001C79B4 /* Resources */ = {
			isa = PBXResourcesBuildPhase;
			buildActionMask = 2147483647;
			files = (
				A1160EB521267988001C79B4 /* LaunchScreen.storyboard in Resources */,
				A1160EB221267988001C79B4 /* Assets.xcassets in Resources */,
				A1160EB021267987001C79B4 /* Main.storyboard in Resources */,
			);
			runOnlyForDeploymentPostprocessing = 0;
		};
		A1160EB921267988001C79B4 /* Resources */ = {
			isa = PBXResourcesBuildPhase;
			buildActionMask = 2147483647;
			files = (
			);
			runOnlyForDeploymentPostprocessing = 0;
		};
		A1160EC421267988001C79B4 /* Resources */ = {
			isa = PBXResourcesBuildPhase;
			buildActionMask = 2147483647;
			files = (
			);
			runOnlyForDeploymentPostprocessing = 0;
		};
/* End PBXResourcesBuildPhase section */

/* Begin PBXSourcesBuildPhase section */
		A1160EA321267987001C79B4 /* Sources */ = {
			isa = PBXSourcesBuildPhase;
			buildActionMask = 2147483647;
			files = (
				A1160EAD21267987001C79B4 /* ViewController.swift in Sources */,
				A1160EE02126A7D2001C79B4 /* Concentration.swift in Sources */,
				A1160EE22126A88C001C79B4 /* Card.swift in Sources */,
				A1160EAB21267987001C79B4 /* AppDelegate.swift in Sources */,
				A121F068212AF13100D89BBE /* lecture4.swift in Sources */,
			);
			runOnlyForDeploymentPostprocessing = 0;
		};
		A1160EB721267988001C79B4 /* Sources */ = {
			isa = PBXSourcesBuildPhase;
			buildActionMask = 2147483647;
			files = (
				A1160EC021267988001C79B4 /* ConcentrationTests.swift in Sources */,
			);
			runOnlyForDeploymentPostprocessing = 0;
		};
		A1160EC221267988001C79B4 /* Sources */ = {
			isa = PBXSourcesBuildPhase;
			buildActionMask = 2147483647;
			files = (
				A1160ECB21267988001C79B4 /* ConcentrationUITests.swift in Sources */,
			);
			runOnlyForDeploymentPostprocessing = 0;
		};
/* End PBXSourcesBuildPhase section */

/* Begin PBXTargetDependency section */
		A1160EBD21267988001C79B4 /* PBXTargetDependency */ = {
			isa = PBXTargetDependency;
			target = A1160EA621267987001C79B4 /* Concentration */;
			targetProxy = A1160EBC21267988001C79B4 /* PBXContainerItemProxy */;
		};
		A1160EC821267988001C79B4 /* PBXTargetDependency */ = {
			isa = PBXTargetDependency;
			target = A1160EA621267987001C79B4 /* Concentration */;
			targetProxy = A1160EC721267988001C79B4 /* PBXContainerItemProxy */;
		};
/* End PBXTargetDependency section */

/* Begin PBXVariantGroup section */
		A1160EAE21267987001C79B4 /* Main.storyboard */ = {
			isa = PBXVariantGroup;
			children = (
				A1160EAF21267987001C79B4 /* Base */,
			);
			name = Main.storyboard;
			sourceTree = "<group>";
		};
		A1160EB321267988001C79B4 /* LaunchScreen.storyboard */ = {
			isa = PBXVariantGroup;
			children = (
				A1160EB421267988001C79B4 /* Base */,
			);
			name = LaunchScreen.storyboard;
			sourceTree = "<group>";
		};
/* End PBXVariantGroup section */

/* Begin XCBuildConfiguration section */
		A1160ECD21267988001C79B4 /* Debug */ = {
			isa = XCBuildConfiguration;
			buildSettings = {
				ALWAYS_SEARCH_USER_PATHS = NO;
				CLANG_ANALYZER_NONNULL = YES;
				CLANG_ANALYZER_NUMBER_OBJECT_CONVERSION = YES_AGGRESSIVE;
				CLANG_CXX_LANGUAGE_STANDARD = "gnu++14";
				CLANG_CXX_LIBRARY = "libc++";
				CLANG_ENABLE_MODULES = YES;
				CLANG_ENABLE_OBJC_ARC = YES;
				CLANG_ENABLE_OBJC_WEAK = YES;
				CLANG_WARN_BLOCK_CAPTURE_AUTORELEASING = YES;
				CLANG_WARN_BOOL_CONVERSION = YES;
				CLANG_WARN_COMMA = YES;
				CLANG_WARN_CONSTANT_CONVERSION = YES;
				CLANG_WARN_DEPRECATED_OBJC_IMPLEMENTATIONS = YES;
				CLANG_WARN_DIRECT_OBJC_ISA_USAGE = YES_ERROR;
				CLANG_WARN_DOCUMENTATION_COMMENTS = YES;
				CLANG_WARN_EMPTY_BODY = YES;
				CLANG_WARN_ENUM_CONVERSION = YES;
				CLANG_WARN_INFINITE_RECURSION = YES;
				CLANG_WARN_INT_CONVERSION = YES;
				CLANG_WARN_NON_LITERAL_NULL_CONVERSION = YES;
				CLANG_WARN_OBJC_IMPLICIT_RETAIN_SELF = YES;
				CLANG_WARN_OBJC_LITERAL_CONVERSION = YES;
				CLANG_WARN_OBJC_ROOT_CLASS = YES_ERROR;
				CLANG_WARN_RANGE_LOOP_ANALYSIS = YES;
				CLANG_WARN_STRICT_PROTOTYPES = YES;
				CLANG_WARN_SUSPICIOUS_MOVE = YES;
				CLANG_WARN_UNGUARDED_AVAILABILITY = YES_AGGRESSIVE;
				CLANG_WARN_UNREACHABLE_CODE = YES;
				CLANG_WARN__DUPLICATE_METHOD_MATCH = YES;
				CODE_SIGN_IDENTITY = "iPhone Developer";
				COPY_PHASE_STRIP = NO;
				DEBUG_INFORMATION_FORMAT = dwarf;
				ENABLE_STRICT_OBJC_MSGSEND = YES;
				ENABLE_TESTABILITY = YES;
				GCC_C_LANGUAGE_STANDARD = gnu11;
				GCC_DYNAMIC_NO_PIC = NO;
				GCC_NO_COMMON_BLOCKS = YES;
				GCC_OPTIMIZATION_LEVEL = 0;
				GCC_PREPROCESSOR_DEFINITIONS = (
					"DEBUG=1",
					"$(inherited)",
				);
				GCC_WARN_64_TO_32_BIT_CONVERSION = YES;
				GCC_WARN_ABOUT_RETURN_TYPE = YES_ERROR;
				GCC_WARN_UNDECLARED_SELECTOR = YES;
				GCC_WARN_UNINITIALIZED_AUTOS = YES_AGGRESSIVE;
				GCC_WARN_UNUSED_FUNCTION = YES;
				GCC_WARN_UNUSED_VARIABLE = YES;
				IPHONEOS_DEPLOYMENT_TARGET = 11.4;
				MTL_ENABLE_DEBUG_INFO = YES;
				ONLY_ACTIVE_ARCH = YES;
				SDKROOT = iphoneos;
				SWIFT_ACTIVE_COMPILATION_CONDITIONS = DEBUG;
				SWIFT_OPTIMIZATION_LEVEL = "-Onone";
			};
			name = Debug;
		};
		A1160ECE21267988001C79B4 /* Release */ = {
			isa = XCBuildConfiguration;
			buildSettings = {
				ALWAYS_SEARCH_USER_PATHS = NO;
				CLANG_ANALYZER_NONNULL = YES;
				CLANG_ANALYZER_NUMBER_OBJECT_CONVERSION = YES_AGGRESSIVE;
				CLANG_CXX_LANGUAGE_STANDARD = "gnu++14";
				CLANG_CXX_LIBRARY = "libc++";
				CLANG_ENABLE_MODULES = YES;
				CLANG_ENABLE_OBJC_ARC = YES;
				CLANG_ENABLE_OBJC_WEAK = YES;
				CLANG_WARN_BLOCK_CAPTURE_AUTORELEASING = YES;
				CLANG_WARN_BOOL_CONVERSION = YES;
				CLANG_WARN_COMMA = YES;
				CLANG_WARN_CONSTANT_CONVERSION = YES;
				CLANG_WARN_DEPRECATED_OBJC_IMPLEMENTATIONS = YES;
				CLANG_WARN_DIRECT_OBJC_ISA_USAGE = YES_ERROR;
				CLANG_WARN_DOCUMENTATION_COMMENTS = YES;
				CLANG_WARN_EMPTY_BODY = YES;
				CLANG_WARN_ENUM_CONVERSION = YES;
				CLANG_WARN_INFINITE_RECURSION = YES;
				CLANG_WARN_INT_CONVERSION = YES;
				CLANG_WARN_NON_LITERAL_NULL_CONVERSION = YES;
				CLANG_WARN_OBJC_IMPLICIT_RETAIN_SELF = YES;
				CLANG_WARN_OBJC_LITERAL_CONVERSION = YES;
				CLANG_WARN_OBJC_ROOT_CLASS = YES_ERROR;
				CLANG_WARN_RANGE_LOOP_ANALYSIS = YES;
				CLANG_WARN_STRICT_PROTOTYPES = YES;
				CLANG_WARN_SUSPICIOUS_MOVE = YES;
				CLANG_WARN_UNGUARDED_AVAILABILITY = YES_AGGRESSIVE;
				CLANG_WARN_UNREACHABLE_CODE = YES;
				CLANG_WARN__DUPLICATE_METHOD_MATCH = YES;
				CODE_SIGN_IDENTITY = "iPhone Developer";
				COPY_PHASE_STRIP = NO;
				DEBUG_INFORMATION_FORMAT = "dwarf-with-dsym";
				ENABLE_NS_ASSERTIONS = NO;
				ENABLE_STRICT_OBJC_MSGSEND = YES;
				GCC_C_LANGUAGE_STANDARD = gnu11;
				GCC_NO_COMMON_BLOCKS = YES;
				GCC_WARN_64_TO_32_BIT_CONVERSION = YES;
				GCC_WARN_ABOUT_RETURN_TYPE = YES_ERROR;
				GCC_WARN_UNDECLARED_SELECTOR = YES;
				GCC_WARN_UNINITIALIZED_AUTOS = YES_AGGRESSIVE;
				GCC_WARN_UNUSED_FUNCTION = YES;
				GCC_WARN_UNUSED_VARIABLE = YES;
				IPHONEOS_DEPLOYMENT_TARGET = 11.4;
				MTL_ENABLE_DEBUG_INFO = NO;
				SDKROOT = iphoneos;
				SWIFT_COMPILATION_MODE = wholemodule;
				SWIFT_OPTIMIZATION_LEVEL = "-O";
				VALIDATE_PRODUCT = YES;
			};
			name = Release;
		};
		A1160ED021267988001C79B4 /* Debug */ = {
			isa = XCBuildConfiguration;
			buildSettings = {
				ASSETCATALOG_COMPILER_APPICON_NAME = AppIcon;
				CODE_SIGN_STYLE = Automatic;
				DEVELOPMENT_TEAM = DM5TANDD6U;
				INFOPLIST_FILE = Concentration/Info.plist;
				LD_RUNPATH_SEARCH_PATHS = (
					"$(inherited)",
					"@executable_path/Frameworks",
				);
				PRODUCT_BUNDLE_IDENTIFIER = com.swift.Concentration;
				PRODUCT_NAME = "$(TARGET_NAME)";
				SWIFT_VERSION = 4.0;
				TARGETED_DEVICE_FAMILY = "1,2";
			};
			name = Debug;
		};
		A1160ED121267988001C79B4 /* Release */ = {
			isa = XCBuildConfiguration;
			buildSettings = {
				ASSETCATALOG_COMPILER_APPICON_NAME = AppIcon;
				CODE_SIGN_STYLE = Automatic;
				DEVELOPMENT_TEAM = DM5TANDD6U;
				INFOPLIST_FILE = Concentration/Info.plist;
				LD_RUNPATH_SEARCH_PATHS = (
					"$(inherited)",
					"@executable_path/Frameworks",
				);
				PRODUCT_BUNDLE_IDENTIFIER = com.swift.Concentration;
				PRODUCT_NAME = "$(TARGET_NAME)";
				SWIFT_VERSION = 4.0;
				TARGETED_DEVICE_FAMILY = "1,2";
			};
			name = Release;
		};
		A1160ED321267988001C79B4 /* Debug */ = {
			isa = XCBuildConfiguration;
			buildSettings = {
				ALWAYS_EMBED_SWIFT_STANDARD_LIBRARIES = YES;
				BUNDLE_LOADER = "$(TEST_HOST)";
				CODE_SIGN_STYLE = Automatic;
				DEVELOPMENT_TEAM = DM5TANDD6U;
				INFOPLIST_FILE = ConcentrationTests/Info.plist;
				LD_RUNPATH_SEARCH_PATHS = (
					"$(inherited)",
					"@executable_path/Frameworks",
					"@loader_path/Frameworks",
				);
				PRODUCT_BUNDLE_IDENTIFIER = com.swift.ConcentrationTests;
				PRODUCT_NAME = "$(TARGET_NAME)";
				SWIFT_VERSION = 4.0;
				TARGETED_DEVICE_FAMILY = "1,2";
				TEST_HOST = "$(BUILT_PRODUCTS_DIR)/Concentration.app/Concentration";
			};
			name = Debug;
		};
		A1160ED421267988001C79B4 /* Release */ = {
			isa = XCBuildConfiguration;
			buildSettings = {
				ALWAYS_EMBED_SWIFT_STANDARD_LIBRARIES = YES;
				BUNDLE_LOADER = "$(TEST_HOST)";
				CODE_SIGN_STYLE = Automatic;
				DEVELOPMENT_TEAM = DM5TANDD6U;
				INFOPLIST_FILE = ConcentrationTests/Info.plist;
				LD_RUNPATH_SEARCH_PATHS = (
					"$(inherited)",
					"@executable_path/Frameworks",
					"@loader_path/Frameworks",
				);
				PRODUCT_BUNDLE_IDENTIFIER = com.swift.ConcentrationTests;
				PRODUCT_NAME = "$(TARGET_NAME)";
				SWIFT_VERSION = 4.0;
				TARGETED_DEVICE_FAMILY = "1,2";
				TEST_HOST = "$(BUILT_PRODUCTS_DIR)/Concentration.app/Concentration";
			};
			name = Release;
		};
		A1160ED621267988001C79B4 /* Debug */ = {
			isa = XCBuildConfiguration;
			buildSettings = {
				ALWAYS_EMBED_SWIFT_STANDARD_LIBRARIES = YES;
				CODE_SIGN_STYLE = Automatic;
				DEVELOPMENT_TEAM = DM5TANDD6U;
				INFOPLIST_FILE = ConcentrationUITests/Info.plist;
				LD_RUNPATH_SEARCH_PATHS = (
					"$(inherited)",
					"@executable_path/Frameworks",
					"@loader_path/Frameworks",
				);
				PRODUCT_BUNDLE_IDENTIFIER = com.swift.ConcentrationUITests;
				PRODUCT_NAME = "$(TARGET_NAME)";
				SWIFT_VERSION = 4.0;
				TARGETED_DEVICE_FAMILY = "1,2";
				TEST_TARGET_NAME = Concentration;
			};
			name = Debug;
		};
		A1160ED721267988001C79B4 /* Release */ = {
			isa = XCBuildConfiguration;
			buildSettings = {
				ALWAYS_EMBED_SWIFT_STANDARD_LIBRARIES = YES;
				CODE_SIGN_STYLE = Automatic;
				DEVELOPMENT_TEAM = DM5TANDD6U;
				INFOPLIST_FILE = ConcentrationUITests/Info.plist;
				LD_RUNPATH_SEARCH_PATHS = (
					"$(inherited)",
					"@executable_path/Frameworks",
					"@loader_path/Frameworks",
				);
				PRODUCT_BUNDLE_IDENTIFIER = com.swift.ConcentrationUITests;
				PRODUCT_NAME = "$(TARGET_NAME)";
				SWIFT_VERSION = 4.0;
				TARGETED_DEVICE_FAMILY = "1,2";
				TEST_TARGET_NAME = Concentration;
			};
			name = Release;
		};
/* End XCBuildConfiguration section */

/* Begin XCConfigurationList section */
		A1160EA221267987001C79B4 /* Build configuration list for PBXProject "Concentration" */ = {
			isa = XCConfigurationList;
			buildConfigurations = (
				A1160ECD21267988001C79B4 /* Debug */,
				A1160ECE21267988001C79B4 /* Release */,
			);
			defaultConfigurationIsVisible = 0;
			defaultConfigurationName = Release;
		};
		A1160ECF21267988001C79B4 /* Build configuration list for PBXNativeTarget "Concentration" */ = {
			isa = XCConfigurationList;
			buildConfigurations = (
				A1160ED021267988001C79B4 /* Debug */,
				A1160ED121267988001C79B4 /* Release */,
			);
			defaultConfigurationIsVisible = 0;
			defaultConfigurationName = Release;
		};
		A1160ED221267988001C79B4 /* Build configuration list for PBXNativeTarget "ConcentrationTests" */ = {
			isa = XCConfigurationList;
			buildConfigurations = (
				A1160ED321267988001C79B4 /* Debug */,
				A1160ED421267988001C79B4 /* Release */,
			);
			defaultConfigurationIsVisible = 0;
			defaultConfigurationName = Release;
		};
		A1160ED521267988001C79B4 /* Build configuration list for PBXNativeTarget "ConcentrationUITests" */ = {
			isa = XCConfigurationList;
			buildConfigurations = (
				A1160ED621267988001C79B4 /* Debug */,
				A1160ED721267988001C79B4 /* Release */,
			);
			defaultConfigurationIsVisible = 0;
			defaultConfigurationName = Release;
		};
/* End XCConfigurationList section */
	};
	rootObject = A1160E9F21267987001C79B4 /* Project object */;
}
